
Microsoft Visual Studio Solution File, Format Version 12.00
# Visual Studio Version 17
VisualStudioVersion = 17.3.32929.385
MinimumVisualStudioVersion = 10.0.40219.1
Project("{9A19103F-16F7-4668-BE54-9A1E7A4F7556}") = "Task2", "Task2\Task2.csproj", "{9CE355E1-FB6B-4BFA-9AE9-C3D260AECAC6}"
EndProject
Project("{9A19103F-16F7-4668-BE54-9A1E7A4F7556}") = "Task3", "Task3\Task3.csproj", "{D3DA99CF-9F68-4080-AE76-313508FF871A}"
EndProject
Project("{FAE04EC0-301F-11D3-BF4B-00C04F79EFBC}") = "Task5", "Task5\Task5.csproj", "{07D61AA3-270A-4FFD-BE8B-7F6074D12079}"
EndProject
Global
	GlobalSection(SolutionConfigurationPlatforms) = preSolution
		Debug|Any CPU = Debug|Any CPU
		Release|Any CPU = Release|Any CPU
	EndGlobalSection
	GlobalSection(ProjectConfigurationPlatforms) = postSolution
		{9CE355E1-FB6B-4BFA-9AE9-C3D260AECAC6}.Debug|Any CPU.ActiveCfg = Debug|Any CPU
		{9CE355E1-FB6B-4BFA-9AE9-C3D260AECAC6}.Debug|Any CPU.Build.0 = Debug|Any CPU
		{9CE355E1-FB6B-4BFA-9AE9-C3D260AECAC6}.Release|Any CPU.ActiveCfg = Release|Any CPU
		{9CE355E1-FB6B-4BFA-9AE9-C3D260AECAC6}.Release|Any CPU.Build.0 = Release|Any CPU
		{D3DA99CF-9F68-4080-AE76-313508FF871A}.Debug|Any CPU.ActiveCfg = Debug|Any CPU
		{D3DA99CF-9F68-4080-AE76-313508FF871A}.Debug|Any CPU.Build.0 = Debug|Any CPU
		{D3DA99CF-9F68-4080-AE76-313508FF871A}.Release|Any CPU.ActiveCfg = Release|Any CPU
		{D3DA99CF-9F68-4080-AE76-313508FF871A}.Release|Any CPU.Build.0 = Release|Any CPU
		{07D61AA3-270A-4FFD-BE8B-7F6074D12079}.Debug|Any CPU.ActiveCfg = Debug|Any CPU
		{07D61AA3-270A-4FFD-BE8B-7F6074D12079}.Debug|Any CPU.Build.0 = Debug|Any CPU
		{07D61AA3-270A-4FFD-BE8B-7F6074D12079}.Release|Any CPU.ActiveCfg = Release|Any CPU
		{07D61AA3-270A-4FFD-BE8B-7F6074D12079}.Release|Any CPU.Build.0 = Release|Any CPU
	EndGlobalSection
	GlobalSection(SolutionProperties) = preSolution
		HideSolutionNode = FALSE
	EndGlobalSection
	GlobalSection(ExtensibilityGlobals) = postSolution
		SolutionGuid = {375E1D2A-424C-4EEA-A89E-A61727B2334A}
	EndGlobalSection
EndGlobal
